// !$*UTF8*$!
{
	archiveVersion = 1;
	classes = {
	};
	objectVersion = 48;
	objects = {

/* Begin PBXBuildFile section */
		02365D411FD546490022FAE7 /* AppDelegate.swift in Sources */ = {isa = PBXBuildFile; fileRef = 02365D401FD546490022FAE7 /* AppDelegate.swift */; };
		02365D431FD546490022FAE7 /* ViewController.swift in Sources */ = {isa = PBXBuildFile; fileRef = 02365D421FD546490022FAE7 /* ViewController.swift */; };
		02365D461FD546490022FAE7 /* Main.storyboard in Resources */ = {isa = PBXBuildFile; fileRef = 02365D441FD546490022FAE7 /* Main.storyboard */; };
		02365D481FD546490022FAE7 /* Assets.xcassets in Resources */ = {isa = PBXBuildFile; fileRef = 02365D471FD546490022FAE7 /* Assets.xcassets */; };
		02365D4B1FD546490022FAE7 /* LaunchScreen.storyboard in Resources */ = {isa = PBXBuildFile; fileRef = 02365D491FD546490022FAE7 /* LaunchScreen.storyboard */; };
		02365D551FD549930022FAE7 /* SHHeader.swift in Sources */ = {isa = PBXBuildFile; fileRef = 02365D541FD549930022FAE7 /* SHHeader.swift */; };
		02365D571FD54EBA0022FAE7 /* seatCell.swift in Sources */ = {isa = PBXBuildFile; fileRef = 02365D561FD54EBA0022FAE7 /* seatCell.swift */; };
/* End PBXBuildFile section */

/* Begin PBXFileReference section */
		02365D3D1FD546490022FAE7 /* SHSeatSelection.app */ = {isa = PBXFileReference; explicitFileType = wrapper.application; includeInIndex = 0; path = SHSeatSelection.app; sourceTree = BUILT_PRODUCTS_DIR; };
		02365D401FD546490022FAE7 /* AppDelegate.swift */ = {isa = PBXFileReference; lastKnownFileType = sourcecode.swift; path = AppDelegate.swift; sourceTree = "<group>"; };
		02365D421FD546490022FAE7 /* ViewController.swift */ = {isa = PBXFileReference; lastKnownFileType = sourcecode.swift; path = ViewController.swift; sourceTree = "<group>"; };
		02365D451FD546490022FAE7 /* Base */ = {isa = PBXFileReference; lastKnownFileType = file.storyboard; name = Base; path = Base.lproj/Main.storyboard; sourceTree = "<group>"; };
		02365D471FD546490022FAE7 /* Assets.xcassets */ = {isa = PBXFileReference; lastKnownFileType = folder.assetcatalog; path = Assets.xcassets; sourceTree = "<group>"; };
		02365D4A1FD546490022FAE7 /* Base */ = {isa = PBXFileReference; lastKnownFileType = file.storyboard; name = Base; path = Base.lproj/LaunchScreen.storyboard; sourceTree = "<group>"; };
		02365D4C1FD546490022FAE7 /* Info.plist */ = {isa = PBXFileReference; lastKnownFileType = text.plist.xml; path = Info.plist; sourceTree = "<group>"; };
		02365D541FD549930022FAE7 /* SHHeader.swift */ = {isa = PBXFileReference; lastKnownFileType = sourcecode.swift; path = SHHeader.swift; sourceTree = "<group>"; };
		02365D561FD54EBA0022FAE7 /* seatCell.swift */ = {isa = PBXFileReference; lastKnownFileType = sourcecode.swift; path = seatCell.swift; sourceTree = "<group>"; };
/* End PBXFileReference section */

/* Begin PBXFrameworksBuildPhase section */
		02365D3A1FD546490022FAE7 /* Frameworks */ = {
			isa = PBXFrameworksBuildPhase;
			buildActionMask = 2147483647;
			files = (
			);
			runOnlyForDeploymentPostprocessing = 0;
		};
/* End PBXFrameworksBuildPhase section */

/* Begin PBXGroup section */
		02365D341FD546490022FAE7 = {
			isa = PBXGroup;
			children = (
				02365D3F1FD546490022FAE7 /* SHSeatSelection */,
				02365D3E1FD546490022FAE7 /* Products */,
			);
			sourceTree = "<group>";
		};
		02365D3E1FD546490022FAE7 /* Products */ = {
			isa = PBXGroup;
			children = (
				02365D3D1FD546490022FAE7 /* SHSeatSelection.app */,
			);
			name = Products;
			sourceTree = "<group>";
		};
		02365D3F1FD546490022FAE7 /* SHSeatSelection */ = {
			isa = PBXGroup;
			children = (
				02365D401FD546490022FAE7 /* AppDelegate.swift */,
				02365D421FD546490022FAE7 /* ViewController.swift */,
				02365D441FD546490022FAE7 /* Main.storyboard */,
				02365D471FD546490022FAE7 /* Assets.xcassets */,
				02365D491FD546490022FAE7 /* LaunchScreen.storyboard */,
				02365D4C1FD546490022FAE7 /* Info.plist */,
				02365D541FD549930022FAE7 /* SHHeader.swift */,
				02365D561FD54EBA0022FAE7 /* seatCell.swift */,
			);
			path = SHSeatSelection;
			sourceTree = "<group>";
		};
/* End PBXGroup section */

/* Begin PBXNativeTarget section */
		02365D3C1FD546490022FAE7 /* SHSeatSelection */ = {
			isa = PBXNativeTarget;
			buildConfigurationList = 02365D4F1FD546490022FAE7 /* Build configuration list for PBXNativeTarget "SHSeatSelection" */;
			buildPhases = (
				02365D391FD546490022FAE7 /* Sources */,
				02365D3A1FD546490022FAE7 /* Frameworks */,
				02365D3B1FD546490022FAE7 /* Resources */,
			);
			buildRules = (
			);
			dependencies = (
			);
			name = SHSeatSelection;
			productName = SHSeatSelection;
			productReference = 02365D3D1FD546490022FAE7 /* SHSeatSelection.app */;
			productType = "com.apple.product-type.application";
		};
/* End PBXNativeTarget section */

/* Begin PBXProject section */
		02365D351FD546490022FAE7 /* Project object */ = {
			isa = PBXProject;
			attributes = {
				LastSwiftUpdateCheck = 0900;
				LastUpgradeCheck = 0900;
				ORGANIZATIONNAME = "Focaloid Technologies";
				TargetAttributes = {
					02365D3C1FD546490022FAE7 = {
						CreatedOnToolsVersion = 9.0;
						ProvisioningStyle = Automatic;
					};
				};
			};
			buildConfigurationList = 02365D381FD546490022FAE7 /* Build configuration list for PBXProject "SHSeatSelection" */;
			compatibilityVersion = "Xcode 8.0";
			developmentRegion = en;
			hasScannedForEncodings = 0;
			knownRegions = (
				en,
				Base,
			);
			mainGroup = 02365D341FD546490022FAE7;
			productRefGroup = 02365D3E1FD546490022FAE7 /* Products */;
			projectDirPath = "";
			projectRoot = "";
			targets = (
				02365D3C1FD546490022FAE7 /* SHSeatSelection */,
			);
		};
/* End PBXProject section */

/* Begin PBXResourcesBuildPhase section */
		02365D3B1FD546490022FAE7 /* Resources */ = {
			isa = PBXResourcesBuildPhase;
			buildActionMask = 2147483647;
			files = (
				02365D4B1FD546490022FAE7 /* LaunchScreen.storyboard in Resources */,
				02365D481FD546490022FAE7 /* Assets.xcassets in Resources */,
				02365D461FD546490022FAE7 /* Main.storyboard in Resources */,
			);
			runOnlyForDeploymentPostprocessing = 0;
		};
/* End PBXResourcesBuildPhase section */

/* Begin PBXSourcesBuildPhase section */
		02365D391FD546490022FAE7 /* Sources */ = {
			isa = PBXSourcesBuildPhase;
			buildActionMask = 2147483647;
			files = (
				02365D431FD546490022FAE7 /* ViewController.swift in Sources */,
				02365D551FD549930022FAE7 /* SHHeader.swift in Sources */,
				02365D571FD54EBA0022FAE7 /* seatCell.swift in Sources */,
				02365D411FD546490022FAE7 /* AppDelegate.swift in Sources */,
			);
			runOnlyForDeploymentPostprocessing = 0;
		};
/* End PBXSourcesBuildPhase section */

/* Begin PBXVariantGroup section */
		02365D441FD546490022FAE7 /* Main.storyboard */ = {
			isa = PBXVariantGroup;
			children = (
				02365D451FD546490022FAE7 /* Base */,
			);
			name = Main.storyboard;
			sourceTree = "<group>";
		};
		02365D491FD546490022FAE7 /* LaunchScreen.storyboard */ = {
			isa = PBXVariantGroup;
			children = (
				02365D4A1FD546490022FAE7 /* Base */,
			);
			name = LaunchScreen.storyboard;
			sourceTree = "<group>";
		};
/* End PBXVariantGroup section */

/* Begin XCBuildConfiguration section */
		02365D4D1FD546490022FAE7 /* Debug */ = {
			isa = XCBuildConfiguration;
			buildSettings = {
				ALWAYS_SEARCH_USER_PATHS = NO;
				CLANG_ANALYZER_NONNULL = YES;
				CLANG_ANALYZER_NUMBER_OBJECT_CONVERSION = YES_AGGRESSIVE;
				CLANG_CXX_LANGUAGE_STANDARD = "gnu++14";
				CLANG_CXX_LIBRARY = "libc++";
				CLANG_ENABLE_MODULES = YES;
				CLANG_ENABLE_OBJC_ARC = YES;
				CLANG_WARN_BLOCK_CAPTURE_AUTORELEASING = YES;
				CLANG_WARN_BOOL_CONVERSION = YES;
				CLANG_WARN_COMMA = YES;
				CLANG_WARN_CONSTANT_CONVERSION = YES;
				CLANG_WARN_DIRECT_OBJC_ISA_USAGE = YES_ERROR;
				CLANG_WARN_DOCUMENTATION_COMMENTS = YES;
				CLANG_WARN_EMPTY_BODY = YES;
				CLANG_WARN_ENUM_CONVERSION = YES;
				CLANG_WARN_INFINITE_RECURSION = YES;
				CLANG_WARN_INT_CONVERSION = YES;
				CLANG_WARN_NON_LITERAL_NULL_CONVERSION = YES;
				CLANG_WARN_OBJC_LITERAL_CONVERSION = YES;
				CLANG_WARN_OBJC_ROOT_CLASS = YES_ERROR;
				CLANG_WARN_RANGE_LOOP_ANALYSIS = YES;
				CLANG_WARN_STRICT_PROTOTYPES = YES;
				CLANG_WARN_SUSPICIOUS_MOVE = YES;
				CLANG_WARN_UNGUARDED_AVAILABILITY = YES_AGGRESSIVE;
				CLANG_WARN_UNREACHABLE_CODE = YES;
				CLANG_WARN__DUPLICATE_METHOD_MATCH = YES;
				CODE_SIGN_IDENTITY = "iPhone Developer";
				COPY_PHASE_STRIP = NO;
				DEBUG_INFORMATION_FORMAT = dwarf;
				ENABLE_STRICT_OBJC_MSGSEND = YES;
				ENABLE_TESTABILITY = YES;
				GCC_C_LANGUAGE_STANDARD = gnu11;
				GCC_DYNAMIC_NO_PIC = NO;
				GCC_NO_COMMON_BLOCKS = YES;
				GCC_OPTIMIZATION_LEVEL = 0;
				GCC_PREPROCESSOR_DEFINITIONS = (
					"DEBUG=1",
					"$(inherited)",
				);
				GCC_WARN_64_TO_32_BIT_CONVERSION = YES;
				GCC_WARN_ABOUT_RETURN_TYPE = YES_ERROR;
				GCC_WARN_UNDECLARED_SELECTOR = YES;
				GCC_WARN_UNINITIALIZED_AUTOS = YES_AGGRESSIVE;
				GCC_WARN_UNUSED_FUNCTION = YES;
				GCC_WARN_UNUSED_VARIABLE = YES;
				IPHONEOS_DEPLOYMENT_TARGET = 11.0;
				MTL_ENABLE_DEBUG_INFO = YES;
				ONLY_ACTIVE_ARCH = YES;
				SDKROOT = iphoneos;
				SWIFT_ACTIVE_COMPILATION_CONDITIONS = DEBUG;
				SWIFT_OPTIMIZATION_LEVEL = "-Onone";
			};
			name = Debug;
		};
		02365D4E1FD546490022FAE7 /* Release */ = {
			isa = XCBuildConfiguration;
			buildSettings = {
				ALWAYS_SEARCH_USER_PATHS = NO;
				CLANG_ANALYZER_NONNULL = YES;
				CLANG_ANALYZER_NUMBER_OBJECT_CONVERSION = YES_AGGRESSIVE;
				CLANG_CXX_LANGUAGE_STANDARD = "gnu++14";
				CLANG_CXX_LIBRARY = "libc++";
				CLANG_ENABLE_MODULES = YES;
				CLANG_ENABLE_OBJC_ARC = YES;
				CLANG_WARN_BLOCK_CAPTURE_AUTORELEASING = YES;
				CLANG_WARN_BOOL_CONVERSION = YES;
				CLANG_WARN_COMMA = YES;
				CLANG_WARN_CONSTANT_CONVERSION = YES;
				CLANG_WARN_DIRECT_OBJC_ISA_USAGE = YES_ERROR;
				CLANG_WARN_DOCUMENTATION_COMMENTS = YES;
				CLANG_WARN_EMPTY_BODY = YES;
				CLANG_WARN_ENUM_CONVERSION = YES;
				CLANG_WARN_INFINITE_RECURSION = YES;
				CLANG_WARN_INT_CONVERSION = YES;
				CLANG_WARN_NON_LITERAL_NULL_CONVERSION = YES;
				CLANG_WARN_OBJC_LITERAL_CONVERSION = YES;
				CLANG_WARN_OBJC_ROOT_CLASS = YES_ERROR;
				CLANG_WARN_RANGE_LOOP_ANALYSIS = YES;
				CLANG_WARN_STRICT_PROTOTYPES = YES;
				CLANG_WARN_SUSPICIOUS_MOVE = YES;
				CLANG_WARN_UNGUARDED_AVAILABILITY = YES_AGGRESSIVE;
				CLANG_WARN_UNREACHABLE_CODE = YES;
				CLANG_WARN__DUPLICATE_METHOD_MATCH = YES;
				CODE_SIGN_IDENTITY = "iPhone Developer";
				COPY_PHASE_STRIP = NO;
				DEBUG_INFORMATION_FORMAT = "dwarf-with-dsym";
				ENABLE_NS_ASSERTIONS = NO;
				ENABLE_STRICT_OBJC_MSGSEND = YES;
				GCC_C_LANGUAGE_STANDARD = gnu11;
				GCC_NO_COMMON_BLOCKS = YES;
				GCC_WARN_64_TO_32_BIT_CONVERSION = YES;
				GCC_WARN_ABOUT_RETURN_TYPE = YES_ERROR;
				GCC_WARN_UNDECLARED_SELECTOR = YES;
				GCC_WARN_UNINITIALIZED_AUTOS = YES_AGGRESSIVE;
				GCC_WARN_UNUSED_FUNCTION = YES;
				GCC_WARN_UNUSED_VARIABLE = YES;
				IPHONEOS_DEPLOYMENT_TARGET = 11.0;
				MTL_ENABLE_DEBUG_INFO = NO;
				SDKROOT = iphoneos;
				SWIFT_OPTIMIZATION_LEVEL = "-Owholemodule";
				VALIDATE_PRODUCT = YES;
			};
			name = Release;
		};
		02365D501FD546490022FAE7 /* Debug */ = {
			isa = XCBuildConfiguration;
			buildSettings = {
				ASSETCATALOG_COMPILER_APPICON_NAME = AppIcon;
				CODE_SIGN_STYLE = Automatic;
				DEVELOPMENT_TEAM = "";
				INFOPLIST_FILE = SHSeatSelection/Info.plist;
				LD_RUNPATH_SEARCH_PATHS = "$(inherited) @executable_path/Frameworks";
				PRODUCT_BUNDLE_IDENTIFIER = com.test.SHSeatSelection;
				PRODUCT_NAME = "$(TARGET_NAME)";
				SWIFT_VERSION = 4.0;
				TARGETED_DEVICE_FAMILY = "1,2";
			};
			name = Debug;
		};
		02365D511FD546490022FAE7 /* Release */ = {
			isa = XCBuildConfiguration;
			buildSettings = {
				ASSETCATALOG_COMPILER_APPICON_NAME = AppIcon;
				CODE_SIGN_STYLE = Automatic;
				DEVELOPMENT_TEAM = "";
				INFOPLIST_FILE = SHSeatSelection/Info.plist;
				LD_RUNPATH_SEARCH_PATHS = "$(inherited) @executable_path/Frameworks";
				PRODUCT_BUNDLE_IDENTIFIER = com.test.SHSeatSelection;
				PRODUCT_NAME = "$(TARGET_NAME)";
				SWIFT_VERSION = 4.0;
				TARGETED_DEVICE_FAMILY = "1,2";
			};
			name = Release;
		};
/* End XCBuildConfiguration section */

/* Begin XCConfigurationList section */
		02365D381FD546490022FAE7 /* Build configuration list for PBXProject "SHSeatSelection" */ = {
			isa = XCConfigurationList;
			buildConfigurations = (
				02365D4D1FD546490022FAE7 /* Debug */,
				02365D4E1FD546490022FAE7 /* Release */,
			);
			defaultConfigurationIsVisible = 0;
			defaultConfigurationName = Release;
		};
		02365D4F1FD546490022FAE7 /* Build configuration list for PBXNativeTarget "SHSeatSelection" */ = {
			isa = XCConfigurationList;
			buildConfigurations = (
				02365D501FD546490022FAE7 /* Debug */,
				02365D511FD546490022FAE7 /* Release */,
			);
			defaultConfigurationIsVisible = 0;
			defaultConfigurationName = Release;
		};
/* End XCConfigurationList section */
	};
	rootObject = 02365D351FD546490022FAE7 /* Project object */;
}
